// !$*UTF8*$!
{
	archiveVersion = 1;
	classes = {
	};
	objectVersion = 56;
	objects = {

/* Begin PBXBuildFile section */
		C103AD852DA559C5001DF622 /* HWBGithubClientApp.swift in Sources */ = {isa = PBXBuildFile; fileRef = C103AD842DA559C5001DF622 /* HWBGithubClientApp.swift */; };
		C103AD872DA559C5001DF622 /* ContentView.swift in Sources */ = {isa = PBXBuildFile; fileRef = C103AD862DA559C5001DF622 /* ContentView.swift */; };
		C103AD892DA559C7001DF622 /* Assets.xcassets in Resources */ = {isa = PBXBuildFile; fileRef = C103AD882DA559C7001DF622 /* Assets.xcassets */; };
		C103AD8C2DA559C7001DF622 /* Preview Assets.xcassets in Resources */ = {isa = PBXBuildFile; fileRef = C103AD8B2DA559C7001DF622 /* Preview Assets.xcassets */; };
		C103AD962DA559C8001DF622 /* HWBGithubClientTests.swift in Sources */ = {isa = PBXBuildFile; fileRef = C103AD952DA559C8001DF622 /* HWBGithubClientTests.swift */; };
		C103ADA02DA559C8001DF622 /* HWBGithubClientUITests.swift in Sources */ = {isa = PBXBuildFile; fileRef = C103AD9F2DA559C8001DF622 /* HWBGithubClientUITests.swift */; };
		C103ADA22DA559C8001DF622 /* HWBGithubClientUITestsLaunchTests.swift in Sources */ = {isa = PBXBuildFile; fileRef = C103ADA12DA559C8001DF622 /* HWBGithubClientUITestsLaunchTests.swift */; };
		C103ADB42DA55B29001DF622 /* MainTabView.swift in Sources */ = {isa = PBXBuildFile; fileRef = C103ADB32DA55B29001DF622 /* MainTabView.swift */; };
		C103ADB62DA55B37001DF622 /* ExploreView.swift in Sources */ = {isa = PBXBuildFile; fileRef = C103ADB52DA55B37001DF622 /* ExploreView.swift */; };
		C103ADB82DA55B40001DF622 /* ProfileView.swift in Sources */ = {isa = PBXBuildFile; fileRef = C103ADB72DA55B40001DF622 /* ProfileView.swift */; };
		C103ADBA2DA55F5B001DF622 /* Localizable.xcstrings in Resources */ = {isa = PBXBuildFile; fileRef = C103ADB92DA55F5B001DF622 /* Localizable.xcstrings */; };
		C103ADBC2DA56265001DF622 /* ExploreViewModel.swift in Sources */ = {isa = PBXBuildFile; fileRef = C103ADBB2DA56265001DF622 /* ExploreViewModel.swift */; };
		C103ADBE2DA56285001DF622 /* Models.swift in Sources */ = {isa = PBXBuildFile; fileRef = C103ADBD2DA56285001DF622 /* Models.swift */; };
		C103ADC02DA56D0F001DF622 /* ProfileViewModel.swift in Sources */ = {isa = PBXBuildFile; fileRef = C103ADBF2DA56D0F001DF622 /* ProfileViewModel.swift */; };
		C103ADC22DA56F99001DF622 /* AuthManager.swift in Sources */ = {isa = PBXBuildFile; fileRef = C103ADC12DA56F99001DF622 /* AuthManager.swift */; };
		C103ADC42DA572F9001DF622 /* NetworkManager.swift in Sources */ = {isa = PBXBuildFile; fileRef = C103ADC32DA572F9001DF622 /* NetworkManager.swift */; };
/* End PBXBuildFile section */

/* Begin PBXContainerItemProxy section */
		C103AD922DA559C8001DF622 /* PBXContainerItemProxy */ = {
			isa = PBXContainerItemProxy;
			containerPortal = C103AD792DA559C5001DF622 /* Project object */;
			proxyType = 1;
			remoteGlobalIDString = C103AD802DA559C5001DF622;
			remoteInfo = HWBGithubClient;
		};
		C103AD9C2DA559C8001DF622 /* PBXContainerItemProxy */ = {
			isa = PBXContainerItemProxy;
			containerPortal = C103AD792DA559C5001DF622 /* Project object */;
			proxyType = 1;
			remoteGlobalIDString = C103AD802DA559C5001DF622;
			remoteInfo = HWBGithubClient;
		};
/* End PBXContainerItemProxy section */

/* Begin PBXFileReference section */
		C103AD812DA559C5001DF622 /* HWBGithubClient.app */ = {isa = PBXFileReference; explicitFileType = wrapper.application; includeInIndex = 0; path = HWBGithubClient.app; sourceTree = BUILT_PRODUCTS_DIR; };
		C103AD842DA559C5001DF622 /* HWBGithubClientApp.swift */ = {isa = PBXFileReference; lastKnownFileType = sourcecode.swift; path = HWBGithubClientApp.swift; sourceTree = "<group>"; };
		C103AD862DA559C5001DF622 /* ContentView.swift */ = {isa = PBXFileReference; lastKnownFileType = sourcecode.swift; path = ContentView.swift; sourceTree = "<group>"; };
		C103AD882DA559C7001DF622 /* Assets.xcassets */ = {isa = PBXFileReference; lastKnownFileType = folder.assetcatalog; path = Assets.xcassets; sourceTree = "<group>"; };
		C103AD8B2DA559C7001DF622 /* Preview Assets.xcassets */ = {isa = PBXFileReference; lastKnownFileType = folder.assetcatalog; path = "Preview Assets.xcassets"; sourceTree = "<group>"; };
		C103AD912DA559C8001DF622 /* HWBGithubClientTests.xctest */ = {isa = PBXFileReference; explicitFileType = wrapper.cfbundle; includeInIndex = 0; path = HWBGithubClientTests.xctest; sourceTree = BUILT_PRODUCTS_DIR; };
		C103AD952DA559C8001DF622 /* HWBGithubClientTests.swift */ = {isa = PBXFileReference; lastKnownFileType = sourcecode.swift; path = HWBGithubClientTests.swift; sourceTree = "<group>"; };
		C103AD9B2DA559C8001DF622 /* HWBGithubClientUITests.xctest */ = {isa = PBXFileReference; explicitFileType = wrapper.cfbundle; includeInIndex = 0; path = HWBGithubClientUITests.xctest; sourceTree = BUILT_PRODUCTS_DIR; };
		C103AD9F2DA559C8001DF622 /* HWBGithubClientUITests.swift */ = {isa = PBXFileReference; lastKnownFileType = sourcecode.swift; path = HWBGithubClientUITests.swift; sourceTree = "<group>"; };
		C103ADA12DA559C8001DF622 /* HWBGithubClientUITestsLaunchTests.swift */ = {isa = PBXFileReference; lastKnownFileType = sourcecode.swift; path = HWBGithubClientUITestsLaunchTests.swift; sourceTree = "<group>"; };
		C103ADB32DA55B29001DF622 /* MainTabView.swift */ = {isa = PBXFileReference; lastKnownFileType = sourcecode.swift; path = MainTabView.swift; sourceTree = "<group>"; };
		C103ADB52DA55B37001DF622 /* ExploreView.swift */ = {isa = PBXFileReference; lastKnownFileType = sourcecode.swift; path = ExploreView.swift; sourceTree = "<group>"; };
		C103ADB72DA55B40001DF622 /* ProfileView.swift */ = {isa = PBXFileReference; lastKnownFileType = sourcecode.swift; path = ProfileView.swift; sourceTree = "<group>"; };
		C103ADB92DA55F5B001DF622 /* Localizable.xcstrings */ = {isa = PBXFileReference; lastKnownFileType = text.json.xcstrings; path = Localizable.xcstrings; sourceTree = "<group>"; };
		C103ADBB2DA56265001DF622 /* ExploreViewModel.swift */ = {isa = PBXFileReference; lastKnownFileType = sourcecode.swift; path = ExploreViewModel.swift; sourceTree = "<group>"; };
		C103ADBD2DA56285001DF622 /* Models.swift */ = {isa = PBXFileReference; lastKnownFileType = sourcecode.swift; path = Models.swift; sourceTree = "<group>"; };
		C103ADBF2DA56D0F001DF622 /* ProfileViewModel.swift */ = {isa = PBXFileReference; lastKnownFileType = sourcecode.swift; path = ProfileViewModel.swift; sourceTree = "<group>"; };
		C103ADC12DA56F99001DF622 /* AuthManager.swift */ = {isa = PBXFileReference; lastKnownFileType = sourcecode.swift; path = AuthManager.swift; sourceTree = "<group>"; };
		C103ADC32DA572F9001DF622 /* NetworkManager.swift */ = {isa = PBXFileReference; lastKnownFileType = sourcecode.swift; path = NetworkManager.swift; sourceTree = "<group>"; };
/* End PBXFileReference section */

/* Begin PBXFrameworksBuildPhase section */
		C103AD7E2DA559C5001DF622 /* Frameworks */ = {
			isa = PBXFrameworksBuildPhase;
			buildActionMask = 2147483647;
			files = (
			);
			runOnlyForDeploymentPostprocessing = 0;
		};
		C103AD8E2DA559C8001DF622 /* Frameworks */ = {
			isa = PBXFrameworksBuildPhase;
			buildActionMask = 2147483647;
			files = (
			);
			runOnlyForDeploymentPostprocessing = 0;
		};
		C103AD982DA559C8001DF622 /* Frameworks */ = {
			isa = PBXFrameworksBuildPhase;
			buildActionMask = 2147483647;
			files = (
			);
			runOnlyForDeploymentPostprocessing = 0;
		};
/* End PBXFrameworksBuildPhase section */

/* Begin PBXGroup section */
		C103AD782DA559C5001DF622 = {
			isa = PBXGroup;
			children = (
				C103ADB92DA55F5B001DF622 /* Localizable.xcstrings */,
				C103AD832DA559C5001DF622 /* HWBGithubClient */,
				C103AD942DA559C8001DF622 /* HWBGithubClientTests */,
				C103AD9E2DA559C8001DF622 /* HWBGithubClientUITests */,
				C103AD822DA559C5001DF622 /* Products */,
			);
			sourceTree = "<group>";
		};
		C103AD822DA559C5001DF622 /* Products */ = {
			isa = PBXGroup;
			children = (
				C103AD812DA559C5001DF622 /* HWBGithubClient.app */,
				C103AD912DA559C8001DF622 /* HWBGithubClientTests.xctest */,
				C103AD9B2DA559C8001DF622 /* HWBGithubClientUITests.xctest */,
			);
			name = Products;
			sourceTree = "<group>";
		};
		C103AD832DA559C5001DF622 /* HWBGithubClient */ = {
			isa = PBXGroup;
			children = (
				C103ADAE2DA55B03001DF622 /* Managers */,
				C103ADB02DA55B03001DF622 /* Models */,
				C103ADAF2DA55B03001DF622 /* ViewModels */,
				C103ADB12DA55B03001DF622 /* Views */,
				C103AD842DA559C5001DF622 /* HWBGithubClientApp.swift */,
				C103AD862DA559C5001DF622 /* ContentView.swift */,
				C103AD882DA559C7001DF622 /* Assets.xcassets */,
				C103AD8A2DA559C7001DF622 /* Preview Content */,
			);
			path = HWBGithubClient;
			sourceTree = "<group>";
		};
		C103AD8A2DA559C7001DF622 /* Preview Content */ = {
			isa = PBXGroup;
			children = (
				C103AD8B2DA559C7001DF622 /* Preview Assets.xcassets */,
			);
			path = "Preview Content";
			sourceTree = "<group>";
		};
		C103AD942DA559C8001DF622 /* HWBGithubClientTests */ = {
			isa = PBXGroup;
			children = (
				C103AD952DA559C8001DF622 /* HWBGithubClientTests.swift */,
			);
			path = HWBGithubClientTests;
			sourceTree = "<group>";
		};
		C103AD9E2DA559C8001DF622 /* HWBGithubClientUITests */ = {
			isa = PBXGroup;
			children = (
				C103AD9F2DA559C8001DF622 /* HWBGithubClientUITests.swift */,
				C103ADA12DA559C8001DF622 /* HWBGithubClientUITestsLaunchTests.swift */,
			);
			path = HWBGithubClientUITests;
			sourceTree = "<group>";
		};
		C103ADAE2DA55B03001DF622 /* Managers */ = {
			isa = PBXGroup;
			children = (
				C103ADC12DA56F99001DF622 /* AuthManager.swift */,
				C103ADC32DA572F9001DF622 /* NetworkManager.swift */,
			);
			path = Managers;
			sourceTree = "<group>";
		};
		C103ADAF2DA55B03001DF622 /* ViewModels */ = {
			isa = PBXGroup;
			children = (
				C103ADBB2DA56265001DF622 /* ExploreViewModel.swift */,
				C103ADBF2DA56D0F001DF622 /* ProfileViewModel.swift */,
			);
			path = ViewModels;
			sourceTree = "<group>";
		};
		C103ADB02DA55B03001DF622 /* Models */ = {
			isa = PBXGroup;
			children = (
				C103ADBD2DA56285001DF622 /* Models.swift */,
			);
			path = Models;
			sourceTree = "<group>";
		};
		C103ADB12DA55B03001DF622 /* Views */ = {
			isa = PBXGroup;
			children = (
				C103ADB32DA55B29001DF622 /* MainTabView.swift */,
				C103ADB52DA55B37001DF622 /* ExploreView.swift */,
				C103ADB72DA55B40001DF622 /* ProfileView.swift */,
			);
			path = Views;
			sourceTree = "<group>";
		};
/* End PBXGroup section */

/* Begin PBXNativeTarget section */
		C103AD802DA559C5001DF622 /* HWBGithubClient */ = {
			isa = PBXNativeTarget;
			buildConfigurationList = C103ADA52DA559C8001DF622 /* Build configuration list for PBXNativeTarget "HWBGithubClient" */;
			buildPhases = (
				C103AD7D2DA559C5001DF622 /* Sources */,
				C103AD7E2DA559C5001DF622 /* Frameworks */,
				C103AD7F2DA559C5001DF622 /* Resources */,
			);
			buildRules = (
			);
			dependencies = (
			);
			name = HWBGithubClient;
			productName = HWBGithubClient;
			productReference = C103AD812DA559C5001DF622 /* HWBGithubClient.app */;
			productType = "com.apple.product-type.application";
		};
		C103AD902DA559C8001DF622 /* HWBGithubClientTests */ = {
			isa = PBXNativeTarget;
			buildConfigurationList = C103ADA82DA559C8001DF622 /* Build configuration list for PBXNativeTarget "HWBGithubClientTests" */;
			buildPhases = (
				C103AD8D2DA559C8001DF622 /* Sources */,
				C103AD8E2DA559C8001DF622 /* Frameworks */,
				C103AD8F2DA559C8001DF622 /* Resources */,
			);
			buildRules = (
			);
			dependencies = (
				C103AD932DA559C8001DF622 /* PBXTargetDependency */,
			);
			name = HWBGithubClientTests;
			productName = HWBGithubClientTests;
			productReference = C103AD912DA559C8001DF622 /* HWBGithubClientTests.xctest */;
			productType = "com.apple.product-type.bundle.unit-test";
		};
		C103AD9A2DA559C8001DF622 /* HWBGithubClientUITests */ = {
			isa = PBXNativeTarget;
			buildConfigurationList = C103ADAB2DA559C8001DF622 /* Build configuration list for PBXNativeTarget "HWBGithubClientUITests" */;
			buildPhases = (
				C103AD972DA559C8001DF622 /* Sources */,
				C103AD982DA559C8001DF622 /* Frameworks */,
				C103AD992DA559C8001DF622 /* Resources */,
			);
			buildRules = (
			);
			dependencies = (
				C103AD9D2DA559C8001DF622 /* PBXTargetDependency */,
			);
			name = HWBGithubClientUITests;
			productName = HWBGithubClientUITests;
			productReference = C103AD9B2DA559C8001DF622 /* HWBGithubClientUITests.xctest */;
			productType = "com.apple.product-type.bundle.ui-testing";
		};
/* End PBXNativeTarget section */

/* Begin PBXProject section */
		C103AD792DA559C5001DF622 /* Project object */ = {
			isa = PBXProject;
			attributes = {
				BuildIndependentTargetsInParallel = 1;
				LastSwiftUpdateCheck = 1530;
				LastUpgradeCheck = 1530;
				TargetAttributes = {
					C103AD802DA559C5001DF622 = {
						CreatedOnToolsVersion = 15.3;
					};
					C103AD902DA559C8001DF622 = {
						CreatedOnToolsVersion = 15.3;
						TestTargetID = C103AD802DA559C5001DF622;
					};
					C103AD9A2DA559C8001DF622 = {
						CreatedOnToolsVersion = 15.3;
						TestTargetID = C103AD802DA559C5001DF622;
					};
				};
			};
			buildConfigurationList = C103AD7C2DA559C5001DF622 /* Build configuration list for PBXProject "HWBGithubClient" */;
			compatibilityVersion = "Xcode 14.0";
			developmentRegion = "zh-Hans";
			hasScannedForEncodings = 0;
			knownRegions = (
				en,
				Base,
				"zh-Hans",
			);
			mainGroup = C103AD782DA559C5001DF622;
			productRefGroup = C103AD822DA559C5001DF622 /* Products */;
			projectDirPath = "";
			projectRoot = "";
			targets = (
				C103AD802DA559C5001DF622 /* HWBGithubClient */,
				C103AD902DA559C8001DF622 /* HWBGithubClientTests */,
				C103AD9A2DA559C8001DF622 /* HWBGithubClientUITests */,
			);
		};
/* End PBXProject section */

/* Begin PBXResourcesBuildPhase section */
		C103AD7F2DA559C5001DF622 /* Resources */ = {
			isa = PBXResourcesBuildPhase;
			buildActionMask = 2147483647;
			files = (
				C103AD8C2DA559C7001DF622 /* Preview Assets.xcassets in Resources */,
				C103AD892DA559C7001DF622 /* Assets.xcassets in Resources */,
				C103ADBA2DA55F5B001DF622 /* Localizable.xcstrings in Resources */,
			);
			runOnlyForDeploymentPostprocessing = 0;
		};
		C103AD8F2DA559C8001DF622 /* Resources */ = {
			isa = PBXResourcesBuildPhase;
			buildActionMask = 2147483647;
			files = (
			);
			runOnlyForDeploymentPostprocessing = 0;
		};
		C103AD992DA559C8001DF622 /* Resources */ = {
			isa = PBXResourcesBuildPhase;
			buildActionMask = 2147483647;
			files = (
			);
			runOnlyForDeploymentPostprocessing = 0;
		};
/* End PBXResourcesBuildPhase section */

/* Begin PBXSourcesBuildPhase section */
		C103AD7D2DA559C5001DF622 /* Sources */ = {
			isa = PBXSourcesBuildPhase;
			buildActionMask = 2147483647;
			files = (
				C103ADBC2DA56265001DF622 /* ExploreViewModel.swift in Sources */,
				C103ADC22DA56F99001DF622 /* AuthManager.swift in Sources */,
				C103ADC42DA572F9001DF622 /* NetworkManager.swift in Sources */,
				C103AD872DA559C5001DF622 /* ContentView.swift in Sources */,
				C103AD852DA559C5001DF622 /* HWBGithubClientApp.swift in Sources */,
				C103ADB82DA55B40001DF622 /* ProfileView.swift in Sources */,
				C103ADB62DA55B37001DF622 /* ExploreView.swift in Sources */,
				C103ADB42DA55B29001DF622 /* MainTabView.swift in Sources */,
				C103ADC02DA56D0F001DF622 /* ProfileViewModel.swift in Sources */,
				C103ADBE2DA56285001DF622 /* Models.swift in Sources */,
			);
			runOnlyForDeploymentPostprocessing = 0;
		};
		C103AD8D2DA559C8001DF622 /* Sources */ = {
			isa = PBXSourcesBuildPhase;
			buildActionMask = 2147483647;
			files = (
				C103AD962DA559C8001DF622 /* HWBGithubClientTests.swift in Sources */,
			);
			runOnlyForDeploymentPostprocessing = 0;
		};
		C103AD972DA559C8001DF622 /* Sources */ = {
			isa = PBXSourcesBuildPhase;
			buildActionMask = 2147483647;
			files = (
				C103ADA22DA559C8001DF622 /* HWBGithubClientUITestsLaunchTests.swift in Sources */,
				C103ADA02DA559C8001DF622 /* HWBGithubClientUITests.swift in Sources */,
			);
			runOnlyForDeploymentPostprocessing = 0;
		};
/* End PBXSourcesBuildPhase section */

/* Begin PBXTargetDependency section */
		C103AD932DA559C8001DF622 /* PBXTargetDependency */ = {
			isa = PBXTargetDependency;
			target = C103AD802DA559C5001DF622 /* HWBGithubClient */;
			targetProxy = C103AD922DA559C8001DF622 /* PBXContainerItemProxy */;
		};
		C103AD9D2DA559C8001DF622 /* PBXTargetDependency */ = {
			isa = PBXTargetDependency;
			target = C103AD802DA559C5001DF622 /* HWBGithubClient */;
			targetProxy = C103AD9C2DA559C8001DF622 /* PBXContainerItemProxy */;
		};
/* End PBXTargetDependency section */

/* Begin XCBuildConfiguration section */
		C103ADA32DA559C8001DF622 /* Debug */ = {
			isa = XCBuildConfiguration;
			buildSettings = {
				ALWAYS_SEARCH_USER_PATHS = NO;
				ASSETCATALOG_COMPILER_GENERATE_SWIFT_ASSET_SYMBOL_EXTENSIONS = YES;
				CLANG_ANALYZER_NONNULL = YES;
				CLANG_ANALYZER_NUMBER_OBJECT_CONVERSION = YES_AGGRESSIVE;
				CLANG_CXX_LANGUAGE_STANDARD = "gnu++20";
				CLANG_ENABLE_MODULES = YES;
				CLANG_ENABLE_OBJC_ARC = YES;
				CLANG_ENABLE_OBJC_WEAK = YES;
				CLANG_WARN_BLOCK_CAPTURE_AUTORELEASING = YES;
				CLANG_WARN_BOOL_CONVERSION = YES;
				CLANG_WARN_COMMA = YES;
				CLANG_WARN_CONSTANT_CONVERSION = YES;
				CLANG_WARN_DEPRECATED_OBJC_IMPLEMENTATIONS = YES;
				CLANG_WARN_DIRECT_OBJC_ISA_USAGE = YES_ERROR;
				CLANG_WARN_DOCUMENTATION_COMMENTS = YES;
				CLANG_WARN_EMPTY_BODY = YES;
				CLANG_WARN_ENUM_CONVERSION = YES;
				CLANG_WARN_INFINITE_RECURSION = YES;
				CLANG_WARN_INT_CONVERSION = YES;
				CLANG_WARN_NON_LITERAL_NULL_CONVERSION = YES;
				CLANG_WARN_OBJC_IMPLICIT_RETAIN_SELF = YES;
				CLANG_WARN_OBJC_LITERAL_CONVERSION = YES;
				CLANG_WARN_OBJC_ROOT_CLASS = YES_ERROR;
				CLANG_WARN_QUOTED_INCLUDE_IN_FRAMEWORK_HEADER = YES;
				CLANG_WARN_RANGE_LOOP_ANALYSIS = YES;
				CLANG_WARN_STRICT_PROTOTYPES = YES;
				CLANG_WARN_SUSPICIOUS_MOVE = YES;
				CLANG_WARN_UNGUARDED_AVAILABILITY = YES_AGGRESSIVE;
				CLANG_WARN_UNREACHABLE_CODE = YES;
				CLANG_WARN__DUPLICATE_METHOD_MATCH = YES;
				COPY_PHASE_STRIP = NO;
				DEBUG_INFORMATION_FORMAT = dwarf;
				ENABLE_STRICT_OBJC_MSGSEND = YES;
				ENABLE_TESTABILITY = YES;
				ENABLE_USER_SCRIPT_SANDBOXING = YES;
				GCC_C_LANGUAGE_STANDARD = gnu17;
				GCC_DYNAMIC_NO_PIC = NO;
				GCC_NO_COMMON_BLOCKS = YES;
				GCC_OPTIMIZATION_LEVEL = 0;
				GCC_PREPROCESSOR_DEFINITIONS = (
					"DEBUG=1",
					"$(inherited)",
				);
				GCC_WARN_64_TO_32_BIT_CONVERSION = YES;
				GCC_WARN_ABOUT_RETURN_TYPE = YES_ERROR;
				GCC_WARN_UNDECLARED_SELECTOR = YES;
				GCC_WARN_UNINITIALIZED_AUTOS = YES_AGGRESSIVE;
				GCC_WARN_UNUSED_FUNCTION = YES;
				GCC_WARN_UNUSED_VARIABLE = YES;
				IPHONEOS_DEPLOYMENT_TARGET = 17.4;
				LOCALIZATION_PREFERS_STRING_CATALOGS = YES;
				MTL_ENABLE_DEBUG_INFO = INCLUDE_SOURCE;
				MTL_FAST_MATH = YES;
				ONLY_ACTIVE_ARCH = YES;
				SDKROOT = iphoneos;
				SWIFT_ACTIVE_COMPILATION_CONDITIONS = "DEBUG $(inherited)";
				SWIFT_OPTIMIZATION_LEVEL = "-Onone";
			};
			name = Debug;
		};
		C103ADA42DA559C8001DF622 /* Release */ = {
			isa = XCBuildConfiguration;
			buildSettings = {
				ALWAYS_SEARCH_USER_PATHS = NO;
				ASSETCATALOG_COMPILER_GENERATE_SWIFT_ASSET_SYMBOL_EXTENSIONS = YES;
				CLANG_ANALYZER_NONNULL = YES;
				CLANG_ANALYZER_NUMBER_OBJECT_CONVERSION = YES_AGGRESSIVE;
				CLANG_CXX_LANGUAGE_STANDARD = "gnu++20";
				CLANG_ENABLE_MODULES = YES;
				CLANG_ENABLE_OBJC_ARC = YES;
				CLANG_ENABLE_OBJC_WEAK = YES;
				CLANG_WARN_BLOCK_CAPTURE_AUTORELEASING = YES;
				CLANG_WARN_BOOL_CONVERSION = YES;
				CLANG_WARN_COMMA = YES;
				CLANG_WARN_CONSTANT_CONVERSION = YES;
				CLANG_WARN_DEPRECATED_OBJC_IMPLEMENTATIONS = YES;
				CLANG_WARN_DIRECT_OBJC_ISA_USAGE = YES_ERROR;
				CLANG_WARN_DOCUMENTATION_COMMENTS = YES;
				CLANG_WARN_EMPTY_BODY = YES;
				CLANG_WARN_ENUM_CONVERSION = YES;
				CLANG_WARN_INFINITE_RECURSION = YES;
				CLANG_WARN_INT_CONVERSION = YES;
				CLANG_WARN_NON_LITERAL_NULL_CONVERSION = YES;
				CLANG_WARN_OBJC_IMPLICIT_RETAIN_SELF = YES;
				CLANG_WARN_OBJC_LITERAL_CONVERSION = YES;
				CLANG_WARN_OBJC_ROOT_CLASS = YES_ERROR;
				CLANG_WARN_QUOTED_INCLUDE_IN_FRAMEWORK_HEADER = YES;
				CLANG_WARN_RANGE_LOOP_ANALYSIS = YES;
				CLANG_WARN_STRICT_PROTOTYPES = YES;
				CLANG_WARN_SUSPICIOUS_MOVE = YES;
				CLANG_WARN_UNGUARDED_AVAILABILITY = YES_AGGRESSIVE;
				CLANG_WARN_UNREACHABLE_CODE = YES;
				CLANG_WARN__DUPLICATE_METHOD_MATCH = YES;
				COPY_PHASE_STRIP = NO;
				DEBUG_INFORMATION_FORMAT = "dwarf-with-dsym";
				ENABLE_NS_ASSERTIONS = NO;
				ENABLE_STRICT_OBJC_MSGSEND = YES;
				ENABLE_USER_SCRIPT_SANDBOXING = YES;
				GCC_C_LANGUAGE_STANDARD = gnu17;
				GCC_NO_COMMON_BLOCKS = YES;
				GCC_WARN_64_TO_32_BIT_CONVERSION = YES;
				GCC_WARN_ABOUT_RETURN_TYPE = YES_ERROR;
				GCC_WARN_UNDECLARED_SELECTOR = YES;
				GCC_WARN_UNINITIALIZED_AUTOS = YES_AGGRESSIVE;
				GCC_WARN_UNUSED_FUNCTION = YES;
				GCC_WARN_UNUSED_VARIABLE = YES;
				IPHONEOS_DEPLOYMENT_TARGET = 17.4;
				LOCALIZATION_PREFERS_STRING_CATALOGS = YES;
				MTL_ENABLE_DEBUG_INFO = NO;
				MTL_FAST_MATH = YES;
				SDKROOT = iphoneos;
				SWIFT_COMPILATION_MODE = wholemodule;
				VALIDATE_PRODUCT = YES;
			};
			name = Release;
		};
		C103ADA62DA559C8001DF622 /* Debug */ = {
			isa = XCBuildConfiguration;
			buildSettings = {
				ASSETCATALOG_COMPILER_APPICON_NAME = AppIcon;
				ASSETCATALOG_COMPILER_GLOBAL_ACCENT_COLOR_NAME = AccentColor;
				CODE_SIGN_STYLE = Automatic;
				CURRENT_PROJECT_VERSION = 1;
				DEVELOPMENT_ASSET_PATHS = "\"HWBGithubClient/Preview Content\"";
				ENABLE_PREVIEWS = YES;
				GENERATE_INFOPLIST_FILE = YES;
				INFOPLIST_KEY_UIApplicationSceneManifest_Generation = YES;
				INFOPLIST_KEY_UIApplicationSupportsIndirectInputEvents = YES;
				INFOPLIST_KEY_UILaunchScreen_Generation = YES;
				INFOPLIST_KEY_UISupportedInterfaceOrientations_iPad = "UIInterfaceOrientationPortrait UIInterfaceOrientationPortraitUpsideDown UIInterfaceOrientationLandscapeLeft UIInterfaceOrientationLandscapeRight";
				INFOPLIST_KEY_UISupportedInterfaceOrientations_iPhone = "UIInterfaceOrientationPortrait UIInterfaceOrientationLandscapeLeft UIInterfaceOrientationLandscapeRight";
				IPHONEOS_DEPLOYMENT_TARGET = 14;
				LD_RUNPATH_SEARCH_PATHS = (
					"$(inherited)",
					"@executable_path/Frameworks",
				);
				MARKETING_VERSION = 1.0;
				PRODUCT_BUNDLE_IDENTIFIER = com.hwb.HWBGithubClient;
				PRODUCT_NAME = "$(TARGET_NAME)";
				SWIFT_EMIT_LOC_STRINGS = YES;
				SWIFT_VERSION = 5.0;
				TARGETED_DEVICE_FAMILY = "1,2";
			};
			name = Debug;
		};
		C103ADA72DA559C8001DF622 /* Release */ = {
			isa = XCBuildConfiguration;
			buildSettings = {
				ASSETCATALOG_COMPILER_APPICON_NAME = AppIcon;
				ASSETCATALOG_COMPILER_GLOBAL_ACCENT_COLOR_NAME = AccentColor;
				CODE_SIGN_STYLE = Automatic;
				CURRENT_PROJECT_VERSION = 1;
				DEVELOPMENT_ASSET_PATHS = "\"HWBGithubClient/Preview Content\"";
				ENABLE_PREVIEWS = YES;
				GENERATE_INFOPLIST_FILE = YES;
				INFOPLIST_KEY_UIApplicationSceneManifest_Generation = YES;
				INFOPLIST_KEY_UIApplicationSupportsIndirectInputEvents = YES;
				INFOPLIST_KEY_UILaunchScreen_Generation = YES;
				INFOPLIST_KEY_UISupportedInterfaceOrientations_iPad = "UIInterfaceOrientationPortrait UIInterfaceOrientationPortraitUpsideDown UIInterfaceOrientationLandscapeLeft UIInterfaceOrientationLandscapeRight";
				INFOPLIST_KEY_UISupportedInterfaceOrientations_iPhone = "UIInterfaceOrientationPortrait UIInterfaceOrientationLandscapeLeft UIInterfaceOrientationLandscapeRight";
				IPHONEOS_DEPLOYMENT_TARGET = 14;
				LD_RUNPATH_SEARCH_PATHS = (
					"$(inherited)",
					"@executable_path/Frameworks",
				);
				MARKETING_VERSION = 1.0;
				PRODUCT_BUNDLE_IDENTIFIER = com.hwb.HWBGithubClient;
				PRODUCT_NAME = "$(TARGET_NAME)";
				SWIFT_EMIT_LOC_STRINGS = YES;
				SWIFT_VERSION = 5.0;
				TARGETED_DEVICE_FAMILY = "1,2";
			};
			name = Release;
		};
		C103ADA92DA559C8001DF622 /* Debug */ = {
			isa = XCBuildConfiguration;
			buildSettings = {
				ALWAYS_EMBED_SWIFT_STANDARD_LIBRARIES = YES;
				BUNDLE_LOADER = "$(TEST_HOST)";
				CODE_SIGN_STYLE = Automatic;
				CURRENT_PROJECT_VERSION = 1;
				GENERATE_INFOPLIST_FILE = YES;
				IPHONEOS_DEPLOYMENT_TARGET = 17.4;
				MARKETING_VERSION = 1.0;
				PRODUCT_BUNDLE_IDENTIFIER = com.hwb.HWBGithubClientTests;
				PRODUCT_NAME = "$(TARGET_NAME)";
				SWIFT_EMIT_LOC_STRINGS = NO;
				SWIFT_VERSION = 5.0;
				TARGETED_DEVICE_FAMILY = "1,2";
				TEST_HOST = "$(BUILT_PRODUCTS_DIR)/HWBGithubClient.app/$(BUNDLE_EXECUTABLE_FOLDER_PATH)/HWBGithubClient";
			};
			name = Debug;
		};
		C103ADAA2DA559C8001DF622 /* Release */ = {
			isa = XCBuildConfiguration;
			buildSettings = {
				ALWAYS_EMBED_SWIFT_STANDARD_LIBRARIES = YES;
				BUNDLE_LOADER = "$(TEST_HOST)";
				CODE_SIGN_STYLE = Automatic;
				CURRENT_PROJECT_VERSION = 1;
				GENERATE_INFOPLIST_FILE = YES;
				IPHONEOS_DEPLOYMENT_TARGET = 17.4;
				MARKETING_VERSION = 1.0;
				PRODUCT_BUNDLE_IDENTIFIER = com.hwb.HWBGithubClientTests;
				PRODUCT_NAME = "$(TARGET_NAME)";
				SWIFT_EMIT_LOC_STRINGS = NO;
				SWIFT_VERSION = 5.0;
				TARGETED_DEVICE_FAMILY = "1,2";
				TEST_HOST = "$(BUILT_PRODUCTS_DIR)/HWBGithubClient.app/$(BUNDLE_EXECUTABLE_FOLDER_PATH)/HWBGithubClient";
			};
			name = Release;
		};
		C103ADAC2DA559C8001DF622 /* Debug */ = {
			isa = XCBuildConfiguration;
			buildSettings = {
				ALWAYS_EMBED_SWIFT_STANDARD_LIBRARIES = YES;
				CODE_SIGN_STYLE = Automatic;
				CURRENT_PROJECT_VERSION = 1;
				GENERATE_INFOPLIST_FILE = YES;
				MARKETING_VERSION = 1.0;
				PRODUCT_BUNDLE_IDENTIFIER = com.hwb.HWBGithubClientUITests;
				PRODUCT_NAME = "$(TARGET_NAME)";
				SWIFT_EMIT_LOC_STRINGS = NO;
				SWIFT_VERSION = 5.0;
				TARGETED_DEVICE_FAMILY = "1,2";
				TEST_TARGET_NAME = HWBGithubClient;
			};
			name = Debug;
		};
		C103ADAD2DA559C8001DF622 /* Release */ = {
			isa = XCBuildConfiguration;
			buildSettings = {
				ALWAYS_EMBED_SWIFT_STANDARD_LIBRARIES = YES;
				CODE_SIGN_STYLE = Automatic;
				CURRENT_PROJECT_VERSION = 1;
				GENERATE_INFOPLIST_FILE = YES;
				MARKETING_VERSION = 1.0;
				PRODUCT_BUNDLE_IDENTIFIER = com.hwb.HWBGithubClientUITests;
				PRODUCT_NAME = "$(TARGET_NAME)";
				SWIFT_EMIT_LOC_STRINGS = NO;
				SWIFT_VERSION = 5.0;
				TARGETED_DEVICE_FAMILY = "1,2";
				TEST_TARGET_NAME = HWBGithubClient;
			};
			name = Release;
		};
/* End XCBuildConfiguration section */

/* Begin XCConfigurationList section */
		C103AD7C2DA559C5001DF622 /* Build configuration list for PBXProject "HWBGithubClient" */ = {
			isa = XCConfigurationList;
			buildConfigurations = (
				C103ADA32DA559C8001DF622 /* Debug */,
				C103ADA42DA559C8001DF622 /* Release */,
			);
			defaultConfigurationIsVisible = 0;
			defaultConfigurationName = Release;
		};
		C103ADA52DA559C8001DF622 /* Build configuration list for PBXNativeTarget "HWBGithubClient" */ = {
			isa = XCConfigurationList;
			buildConfigurations = (
				C103ADA62DA559C8001DF622 /* Debug */,
				C103ADA72DA559C8001DF622 /* Release */,
			);
			defaultConfigurationIsVisible = 0;
			defaultConfigurationName = Release;
		};
		C103ADA82DA559C8001DF622 /* Build configuration list for PBXNativeTarget "HWBGithubClientTests" */ = {
			isa = XCConfigurationList;
			buildConfigurations = (
				C103ADA92DA559C8001DF622 /* Debug */,
				C103ADAA2DA559C8001DF622 /* Release */,
			);
			defaultConfigurationIsVisible = 0;
			defaultConfigurationName = Release;
		};
		C103ADAB2DA559C8001DF622 /* Build configuration list for PBXNativeTarget "HWBGithubClientUITests" */ = {
			isa = XCConfigurationList;
			buildConfigurations = (
				C103ADAC2DA559C8001DF622 /* Debug */,
				C103ADAD2DA559C8001DF622 /* Release */,
			);
			defaultConfigurationIsVisible = 0;
			defaultConfigurationName = Release;
		};
/* End XCConfigurationList section */
	};
	rootObject = C103AD792DA559C5001DF622 /* Project object */;
}
